{
  "name": "ide-dlang",
  "version": "1.7.0",
  "lockfileVersion": 1,
  "requires": true,
  "dependencies": {
    "@types/atom": {
      "version": "1.27.0",
      "resolved": "https://registry.npmjs.org/@types/atom/-/atom-1.27.0.tgz",
      "integrity": "sha512-5bTFsIp9BLcV7wx4dTceaXUcAVtAoTlHFVeIE1zh6heoQR/XAMhU0BgVAk8sNkenoEuguKwzo1W4BcwiyFZN2w==",
      "requires": {
        "@types/node": "8.10.19"
      }
    },
    "@types/node": {
      "version": "8.10.19",
      "resolved": "https://registry.npmjs.org/@types/node/-/node-8.10.19.tgz",
      "integrity": "sha512-+PU57o6DtOSx0/algmxgCwWrmCiomwC/K+LPfXonT0tQMbNTjHEqVzwL9dFEhFoPmLFIiSWjRorLH6Z0hJMT+Q=="
    },
    "anser": {
      "version": "1.4.6",
      "resolved": "https://registry.npmjs.org/anser/-/anser-1.4.6.tgz",
      "integrity": "sha512-dt6DExaJBHjxbe+9k3BYFmg6CwhfHuI8RQ3cF2fnInC0LZ8LTTHeeyNa3YrMn4IYQ7Jz88S5BG36HO/xyiyusQ=="
    },
    "ansi-regex": {
      "version": "2.1.1",
      "resolved": "https://registry.npmjs.org/ansi-regex/-/ansi-regex-2.1.1.tgz",
      "integrity": "sha1-w7M6te42DYbg5ijwRorn7yfWVN8="
    },
    "array-filter": {
      "version": "0.0.1",
      "resolved": "https://registry.npmjs.org/array-filter/-/array-filter-0.0.1.tgz",
      "integrity": "sha1-fajPLiZijtcygDWB/SH2fKzS7uw="
    },
    "array-map": {
      "version": "0.0.0",
      "resolved": "https://registry.npmjs.org/array-map/-/array-map-0.0.0.tgz",
      "integrity": "sha1-iKK6tz0c97zVwbEYoAP2b2ZfpmI="
    },
    "array-reduce": {
      "version": "0.0.0",
      "resolved": "https://registry.npmjs.org/array-reduce/-/array-reduce-0.0.0.tgz",
      "integrity": "sha1-FziZ0//Rx9k4PkR5Ul2+J4yrXys="
    },
    "asap": {
      "version": "2.0.6",
      "resolved": "https://registry.npmjs.org/asap/-/asap-2.0.6.tgz",
      "integrity": "sha1-5QNHYR1+aQlDIIu9r+vLwvuGbUY="
    },
    "async": {
      "version": "0.2.10",
      "resolved": "https://registry.npmjs.org/async/-/async-0.2.10.tgz",
      "integrity": "sha1-trvgsGdLnXGXCMo43owjfLUmw9E="
    },
    "async-to-generator": {
      "version": "1.1.0",
      "resolved": "https://registry.npmjs.org/async-to-generator/-/async-to-generator-1.1.0.tgz",
      "integrity": "sha1-HiDtMd8A7r3tk6FGlRbwNiExNMY="
    },
    "atom-ide-ui": {
      "version": "0.7.1",
      "resolved": "https://registry.npmjs.org/atom-ide-ui/-/atom-ide-ui-0.7.1.tgz",
      "integrity": "sha1-S79+h8NfCbI9qH0ezNbUYvKi6sc=",
      "requires": {
        "async-to-generator": "1.1.0",
        "classnames": "2.2.5",
        "dompurify": "1.0.3",
        "fuzzaldrin-plus": "0.4.1",
        "idx": "1.2.0",
        "immutable": "4.0.0-rc.9",
        "log4js": "1.1.1",
        "marked": "0.3.9",
        "nuclide-commons": "0.7.1",
        "nuclide-commons-atom": "0.7.1",
        "nuclide-commons-ui": "0.7.1",
        "nuclide-debugger-common": "0.7.1",
        "nuclide-prebuilt-libs": "0.4.0",
        "nullthrows": "1.0.0",
        "react": "16.2.0",
        "react-dom": "16.2.0",
        "react-virtualized": "9.13.0",
        "redux": "3.6.0",
        "reselect": "3.0.1",
        "rxjs": "5.5.5",
        "semver": "5.3.0",
        "shallowequal": "0.2.2",
        "strip-ansi": "3.0.1",
        "uuid": "3.0.1",
        "vscode-debugprotocol": "1.24.0",
        "xterm": "3.1.0"
      },
      "dependencies": {
        "fuzzaldrin-plus": {
          "version": "0.4.1",
          "resolved": "https://registry.npmjs.org/fuzzaldrin-plus/-/fuzzaldrin-plus-0.4.1.tgz",
          "integrity": "sha1-l5WVAkqrdBhJQjB9Yx16pEHu43k="
        }
      }
    },
    "atom-languageclient": {
      "version": "0.9.5",
      "resolved": "https://registry.npmjs.org/atom-languageclient/-/atom-languageclient-0.9.5.tgz",
      "integrity": "sha512-m69UBVbWlpWzGpbIdS5glP2H8iwPjGLHUjFBtCdLYQinRwZMPHYBfTgzf/ji2Dp27v9F9La3OIIr3mVxBcvOkA==",
      "requires": {
        "@types/atom": "1.27.0",
        "@types/node": "8.10.19",
        "fuzzaldrin-plus": "0.6.0",
        "vscode-jsonrpc": "3.6.2",
        "vscode-languageserver-protocol": "3.6.0-next.5",
        "vscode-languageserver-types": "3.8.1"
      }
    },
    "babel-runtime": {
      "version": "6.26.0",
      "resolved": "https://registry.npmjs.org/babel-runtime/-/babel-runtime-6.26.0.tgz",
      "integrity": "sha1-llxwWGaOgrVde/4E/yM3vItWR/4=",
      "requires": {
        "core-js": "2.5.7",
        "regenerator-runtime": "0.11.1"
      },
      "dependencies": {
        "core-js": {
          "version": "2.5.7",
          "resolved": "https://registry.npmjs.org/core-js/-/core-js-2.5.7.tgz",
          "integrity": "sha512-RszJCAxg/PP6uzXVXL6BsxSXx/B05oJAQ2vkJRjyjrEcNVycaqOmNb5OTxZPE3xa5gwZduqza6L9JOCenh/Ecw=="
        }
      }
    },
    "balanced-match": {
      "version": "1.0.0",
      "resolved": "https://registry.npmjs.org/balanced-match/-/balanced-match-1.0.0.tgz",
      "integrity": "sha1-ibTRmasr7kneFk6gK4nORi1xt2c="
    },
    "brace-expansion": {
      "version": "1.1.11",
      "resolved": "https://registry.npmjs.org/brace-expansion/-/brace-expansion-1.1.11.tgz",
      "integrity": "sha512-iCuPHDFgrHX7H2vEI/5xpz07zSHB00TpugqhmYtVmMO6518mCuRMoOYFldEBl0g187ufozdaHgWKcYFb61qGiA==",
      "requires": {
        "balanced-match": "1.0.0",
        "concat-map": "0.0.1"
      }
    },
    "bytes": {
      "version": "3.0.0",
      "resolved": "https://registry.npmjs.org/bytes/-/bytes-3.0.0.tgz",
      "integrity": "sha1-0ygVQE1olpn4Wk6k+odV3ROpYEg="
    },
    "classnames": {
      "version": "2.2.5",
      "resolved": "https://registry.npmjs.org/classnames/-/classnames-2.2.5.tgz",
      "integrity": "sha1-+zgB1FNGdknvNgPH1hoCvRKb3m0="
    },
    "concat-map": {
      "version": "0.0.1",
      "resolved": "https://registry.npmjs.org/concat-map/-/concat-map-0.0.1.tgz",
      "integrity": "sha1-2Klr13/Wjfd5OnMDajug1UBdR3s="
    },
    "core-js": {
      "version": "1.2.7",
      "resolved": "https://registry.npmjs.org/core-js/-/core-js-1.2.7.tgz",
      "integrity": "sha1-ZSKUwUZR2yj6k70tX/KYOk8IxjY="
    },
    "core-util-is": {
      "version": "1.0.2",
      "resolved": "https://registry.npmjs.org/core-util-is/-/core-util-is-1.0.2.tgz",
      "integrity": "sha1-tf1UIgqivFq1eqtxQMlAdUUDwac="
    },
    "date-format": {
      "version": "0.0.0",
      "resolved": "https://registry.npmjs.org/date-format/-/date-format-0.0.0.tgz",
      "integrity": "sha1-CSBoY6sHDrRZrOpVQsvYVrEZZrM="
    },
    "debug": {
      "version": "2.6.9",
      "resolved": "https://registry.npmjs.org/debug/-/debug-2.6.9.tgz",
      "integrity": "sha512-bC7ElrdJaJnPbAP+1EotYvqZsb3ecl5wi6Bfi6BJTUcNowp6cvspg0jXznRTKDjm/E7AdgFBVeAPVMNcKGsHMA==",
      "requires": {
        "ms": "2.0.0"
      }
    },
    "dedent": {
      "version": "0.6.0",
      "resolved": "https://registry.npmjs.org/dedent/-/dedent-0.6.0.tgz",
      "integrity": "sha1-Dm2o8M5Sg471zsXI+TlrDBtko8s="
    },
    "deep-diff": {
      "version": "0.3.8",
      "resolved": "https://registry.npmjs.org/deep-diff/-/deep-diff-0.3.8.tgz",
      "integrity": "sha1-wB3mPvsO7JeYgB1Ax+Da4ltYLIQ="
    },
    "dom-helpers": {
      "version": "3.3.1",
      "resolved": "https://registry.npmjs.org/dom-helpers/-/dom-helpers-3.3.1.tgz",
      "integrity": "sha512-2Sm+JaYn74OiTM2wHvxJOo3roiq/h25Yi69Fqk269cNUwIXsCvATB6CRSFC9Am/20G2b28hGv/+7NiWydIrPvg=="
    },
    "domexception": {
      "version": "1.0.1",
      "resolved": "https://registry.npmjs.org/domexception/-/domexception-1.0.1.tgz",
      "integrity": "sha512-raigMkn7CJNNo6Ihro1fzG7wr3fHuYVytzquZKX5n0yizGsTcYgzdIUwj1X9pK0VvjeihV+XiclP+DjwbsSKug==",
      "requires": {
        "webidl-conversions": "4.0.2"
      }
    },
    "dompurify": {
      "version": "1.0.3",
      "resolved": "https://registry.npmjs.org/dompurify/-/dompurify-1.0.3.tgz",
      "integrity": "sha512-7dks9EA59zmQ9UBH7QJmGCHNxGJ7chzB5RJObT+h/TGBDtp4pTgunOeT0NidTA5MAq22muWrW3XfqtpvIsoSmw=="
    },
    "encoding": {
      "version": "0.1.12",
      "resolved": "https://registry.npmjs.org/encoding/-/encoding-0.1.12.tgz",
      "integrity": "sha1-U4tm8+5izRq1HsMjgp0flIDHS+s=",
      "requires": {
        "iconv-lite": "0.4.23"
      }
    },
    "escape-carriage": {
      "version": "1.2.0",
      "resolved": "https://registry.npmjs.org/escape-carriage/-/escape-carriage-1.2.0.tgz",
      "integrity": "sha1-Nc5Rp5YO/LWui7Wbg/VmqYyUbf0="
    },
    "escape-html": {
      "version": "1.0.3",
      "resolved": "https://registry.npmjs.org/escape-html/-/escape-html-1.0.3.tgz",
      "integrity": "sha1-Aljq5NPQwJdN4cFpGI7wBR0dGYg="
    },
    "escape-string-regexp": {
      "version": "1.0.5",
      "resolved": "https://registry.npmjs.org/escape-string-regexp/-/escape-string-regexp-1.0.5.tgz",
      "integrity": "sha1-G2HAViGQqN/2rjuyzwIAyhMLhtQ="
    },
    "event-kit": {
      "version": "2.2.0",
      "resolved": "https://registry.npmjs.org/event-kit/-/event-kit-2.2.0.tgz",
      "integrity": "sha1-Kd9Q3q49bUwcYkUbEJJfKGQekos="
    },
    "event-target-shim": {
      "version": "3.0.1",
      "resolved": "https://registry.npmjs.org/event-target-shim/-/event-target-shim-3.0.1.tgz",
      "integrity": "sha512-mgaF73LRFedJ9I4KGhd+0ZmWgMishY0FDgayG/LgxOHVFWC1lRi251uc6rX0Ml9F79KHyRU1lXuRzi/a/N+SnA=="
    },
    "fbjs": {
      "version": "0.8.16",
      "resolved": "https://registry.npmjs.org/fbjs/-/fbjs-0.8.16.tgz",
      "integrity": "sha1-XmdDL1UNxBtXK/VYR7ispk5TN9s=",
      "requires": {
        "core-js": "1.2.7",
        "isomorphic-fetch": "2.2.1",
        "loose-envify": "1.3.1",
        "object-assign": "4.1.1",
        "promise": "7.3.1",
        "setimmediate": "1.0.5",
        "ua-parser-js": "0.7.18"
      }
    },
    "fs-plus": {
      "version": "2.9.3",
      "resolved": "https://registry.npmjs.org/fs-plus/-/fs-plus-2.9.3.tgz",
      "integrity": "sha1-debXxX5FNklVoc+/xWP8WCDgz/I=",
      "requires": {
        "async": "0.2.10",
        "mkdirp": "0.3.5",
        "rimraf": "2.2.8",
        "underscore-plus": "1.6.6"
      },
      "dependencies": {
        "mkdirp": {
          "version": "0.3.5",
          "resolved": "https://registry.npmjs.org/mkdirp/-/mkdirp-0.3.5.tgz",
          "integrity": "sha1-3j5fiWHIjHh+4TaN+EmsRBPsqNc="
        },
        "rimraf": {
          "version": "2.2.8",
          "resolved": "https://registry.npmjs.org/rimraf/-/rimraf-2.2.8.tgz",
          "integrity": "sha1-5Dm+Kq7jJzIZUnMPmaiSnk/FBYI="
        }
      }
    },
    "fs.realpath": {
      "version": "1.0.0",
      "resolved": "https://registry.npmjs.org/fs.realpath/-/fs.realpath-1.0.0.tgz",
      "integrity": "sha1-FQStJSMVjKpA20onh8sBQRmU6k8="
    },
    "fuzzaldrin-plus": {
      "version": "0.6.0",
      "resolved": "https://registry.npmjs.org/fuzzaldrin-plus/-/fuzzaldrin-plus-0.6.0.tgz",
      "integrity": "sha1-gy9kifvodnaUWVmckUpnDsIpR+4="
    },
    "glob": {
      "version": "7.1.1",
      "resolved": "https://registry.npmjs.org/glob/-/glob-7.1.1.tgz",
      "integrity": "sha1-gFIR3wT6rxxjo2ADBs31reULLsg=",
      "requires": {
        "fs.realpath": "1.0.0",
        "inflight": "1.0.6",
        "inherits": "2.0.3",
        "minimatch": "3.0.4",
        "once": "1.4.0",
        "path-is-absolute": "1.0.1"
      }
    },
    "iconv-lite": {
      "version": "0.4.23",
      "resolved": "https://registry.npmjs.org/iconv-lite/-/iconv-lite-0.4.23.tgz",
      "integrity": "sha512-neyTUVFtahjf0mB3dZT77u+8O0QB89jFdnBkd5P1JgYPbPaia3gXXOVL2fq8VyU2gMMD7SaN7QukTB/pmXYvDA==",
      "requires": {
        "safer-buffer": "2.1.2"
      }
    },
    "idx": {
      "version": "1.2.0",
      "resolved": "https://registry.npmjs.org/idx/-/idx-1.2.0.tgz",
      "integrity": "sha1-vk9B+4K+1XH2U2Lnmt0n4K509pE="
    },
    "immutable": {
      "version": "4.0.0-rc.9",
      "resolved": "https://registry.npmjs.org/immutable/-/immutable-4.0.0-rc.9.tgz",
      "integrity": "sha512-uw4u9Jy3G2Y1qkIFtEGy9NgJxFJT1l3HKgeSFHfrvy91T8W54cJoQ+qK3fTwhil8XkEHuc2S+MI+fbD0vKObDA=="
    },
    "inflight": {
      "version": "1.0.6",
      "resolved": "https://registry.npmjs.org/inflight/-/inflight-1.0.6.tgz",
      "integrity": "sha1-Sb1jMdfQLQwJvJEKEHW6gWW1bfk=",
      "requires": {
        "once": "1.4.0",
        "wrappy": "1.0.2"
      }
    },
    "inherits": {
      "version": "2.0.3",
      "resolved": "https://registry.npmjs.org/inherits/-/inherits-2.0.3.tgz",
      "integrity": "sha1-Yzwsg+PaQqUC9SRmAiSA9CCCYd4="
    },
    "invariant": {
      "version": "2.2.2",
      "resolved": "https://registry.npmjs.org/invariant/-/invariant-2.2.2.tgz",
      "integrity": "sha1-nh9WrArNtr8wMwbzOL47IErmA2A=",
      "requires": {
        "loose-envify": "1.3.1"
      }
    },
    "is-stream": {
      "version": "1.1.0",
      "resolved": "https://registry.npmjs.org/is-stream/-/is-stream-1.1.0.tgz",
      "integrity": "sha1-EtSj3U5o4Lec6428hBc66A2RykQ="
    },
    "isarray": {
      "version": "0.0.1",
      "resolved": "https://registry.npmjs.org/isarray/-/isarray-0.0.1.tgz",
      "integrity": "sha1-ihis/Kmo9Bd+Cav8YDiTmwXR7t8="
    },
    "isomorphic-fetch": {
      "version": "2.2.1",
      "resolved": "https://registry.npmjs.org/isomorphic-fetch/-/isomorphic-fetch-2.2.1.tgz",
      "integrity": "sha1-YRrhrPFPXoH3KVB0coGf6XM1WKk=",
      "requires": {
        "node-fetch": "1.7.3",
        "whatwg-fetch": "2.0.4"
      }
    },
    "js-tokens": {
      "version": "3.0.2",
      "resolved": "https://registry.npmjs.org/js-tokens/-/js-tokens-3.0.2.tgz",
      "integrity": "sha1-mGbfOVECEw449/mWvOtlRDIJwls="
    },
    "jsonify": {
      "version": "0.0.0",
      "resolved": "https://registry.npmjs.org/jsonify/-/jsonify-0.0.0.tgz",
      "integrity": "sha1-LHS27kHZPKUbe1qu6PUDYx0lKnM="
    },
    "lodash": {
      "version": "4.17.4",
      "resolved": "https://registry.npmjs.org/lodash/-/lodash-4.17.4.tgz",
      "integrity": "sha1-eCA6TRwyiuHYbcpkYONptX9AVa4="
    },
    "lodash-es": {
      "version": "4.17.10",
      "resolved": "https://registry.npmjs.org/lodash-es/-/lodash-es-4.17.10.tgz",
      "integrity": "sha512-iesFYPmxYYGTcmQK0sL8bX3TGHyM6b2qREaB4kamHfQyfPJP0xgoGxp19nsH16nsfquLdiyKyX3mQkfiSGV8Rg=="
    },
    "lodash._getnative": {
      "version": "3.9.1",
      "resolved": "https://registry.npmjs.org/lodash._getnative/-/lodash._getnative-3.9.1.tgz",
      "integrity": "sha1-VwvH3t5G1hzc3mh9ZdPuy6o6r/U="
    },
    "lodash.isarguments": {
      "version": "3.1.0",
      "resolved": "https://registry.npmjs.org/lodash.isarguments/-/lodash.isarguments-3.1.0.tgz",
      "integrity": "sha1-L1c9hcaiQon/AGY7SRwdM4/zRYo="
    },
    "lodash.isarray": {
      "version": "3.0.4",
      "resolved": "https://registry.npmjs.org/lodash.isarray/-/lodash.isarray-3.0.4.tgz",
      "integrity": "sha1-eeTriMNqgSKvhvhEqpvNhRtfu1U="
    },
    "lodash.keys": {
      "version": "3.1.2",
      "resolved": "https://registry.npmjs.org/lodash.keys/-/lodash.keys-3.1.2.tgz",
      "integrity": "sha1-TbwEcrFWvlCgsoaFXRvQsMZWCYo=",
      "requires": {
        "lodash._getnative": "3.9.1",
        "lodash.isarguments": "3.1.0",
        "lodash.isarray": "3.0.4"
      }
    },
    "log4js": {
      "version": "1.1.1",
      "resolved": "https://registry.npmjs.org/log4js/-/log4js-1.1.1.tgz",
      "integrity": "sha1-wh0px2BAieTyVYM+f5SzRh3h/0M=",
      "requires": {
        "debug": "2.6.9",
        "semver": "5.3.0",
        "streamroller": "0.4.1"
      }
    },
    "loose-envify": {
      "version": "1.3.1",
      "resolved": "https://registry.npmjs.org/loose-envify/-/loose-envify-1.3.1.tgz",
      "integrity": "sha1-0aitM/qc4OcT1l/dCsi3SNR4yEg=",
      "requires": {
        "js-tokens": "3.0.2"
      }
    },
    "lru-cache": {
      "version": "4.0.2",
      "resolved": "https://registry.npmjs.org/lru-cache/-/lru-cache-4.0.2.tgz",
      "integrity": "sha1-HRdnnAac2l0ECZGgnbwsDbN35V4=",
      "requires": {
        "pseudomap": "1.0.2",
        "yallist": "2.1.2"
      }
    },
    "marked": {
      "version": "0.3.9",
      "resolved": "https://registry.npmjs.org/marked/-/marked-0.3.9.tgz",
      "integrity": "sha512-nW5u0dxpXxHfkHzzrveY45gCbi+R4PaO4WRZYqZNl+vB0hVGeqlFn0aOg1c8AKL63TrNFn9Bm2UP4AdiZ9TPLw=="
    },
    "mime-db": {
      "version": "1.29.0",
      "resolved": "https://registry.npmjs.org/mime-db/-/mime-db-1.29.0.tgz",
      "integrity": "sha1-SNJtI1WJZRcErFkWygYAGRQmaHg="
    },
    "mime-types": {
      "version": "2.1.16",
      "resolved": "https://registry.npmjs.org/mime-types/-/mime-types-2.1.16.tgz",
      "integrity": "sha1-K4WKUuXs1RbbiXrCvodIeDBpjiM=",
      "requires": {
        "mime-db": "1.29.0"
      }
    },
    "minimatch": {
      "version": "3.0.4",
      "resolved": "https://registry.npmjs.org/minimatch/-/minimatch-3.0.4.tgz",
      "integrity": "sha512-yJHVQEhyqPLUTgt9B83PXu6W3rx4MvvHvSUvToogpwoGDOUQ+yDrR0HRot+yOCdCO7u4hX3pWft6kWBBcqh0UA==",
      "requires": {
        "brace-expansion": "1.1.11"
      }
    },
    "minimist": {
      "version": "0.0.8",
      "resolved": "https://registry.npmjs.org/minimist/-/minimist-0.0.8.tgz",
      "integrity": "sha1-hX/Kv8M5fSYluCKCYuhqp6ARsF0="
    },
    "mkdirp": {
      "version": "0.5.1",
      "resolved": "https://registry.npmjs.org/mkdirp/-/mkdirp-0.5.1.tgz",
      "integrity": "sha1-MAV0OOrGz3+MR2fzhkjWaX11yQM=",
      "requires": {
        "minimist": "0.0.8"
      }
    },
    "ms": {
      "version": "2.0.0",
      "resolved": "https://registry.npmjs.org/ms/-/ms-2.0.0.tgz",
      "integrity": "sha1-VgiurfwAvmwpAd9fmGF4jeDVl8g="
    },
    "mv": {
      "version": "2.1.1",
      "resolved": "https://registry.npmjs.org/mv/-/mv-2.1.1.tgz",
      "integrity": "sha1-rmzg1vbV4KT32JN5jQPB6pVZtqI=",
      "requires": {
        "mkdirp": "0.5.1",
        "ncp": "2.0.0",
        "rimraf": "2.4.5"
      },
      "dependencies": {
        "glob": {
          "version": "6.0.4",
          "resolved": "https://registry.npmjs.org/glob/-/glob-6.0.4.tgz",
          "integrity": "sha1-DwiGD2oVUSey+t1PnOJLGqtuTSI=",
          "requires": {
            "inflight": "1.0.6",
            "inherits": "2.0.3",
            "minimatch": "3.0.4",
            "once": "1.4.0",
            "path-is-absolute": "1.0.1"
          }
        },
        "rimraf": {
          "version": "2.4.5",
          "resolved": "https://registry.npmjs.org/rimraf/-/rimraf-2.4.5.tgz",
          "integrity": "sha1-7nEM5dk6j9uFb7Xqj/Di11k0sto=",
          "requires": {
            "glob": "6.0.4"
          }
        }
      }
    },
    "ncp": {
      "version": "2.0.0",
      "resolved": "https://registry.npmjs.org/ncp/-/ncp-2.0.0.tgz",
      "integrity": "sha1-GVoh1sRuNh0vsSgbo4uR6d9727M="
    },
    "node-fetch": {
      "version": "1.7.3",
      "resolved": "https://registry.npmjs.org/node-fetch/-/node-fetch-1.7.3.tgz",
      "integrity": "sha512-NhZ4CsKx7cYm2vSrBAr2PvFOe6sWDf0UYLRqA6svUYg7+/TSfVAu49jYC4BvQ4Sms9SZgdqGBgroqfDhJdTyKQ==",
      "requires": {
        "encoding": "0.1.12",
        "is-stream": "1.1.0"
      }
    },
    "nuclide-commons": {
      "version": "0.7.1",
      "resolved": "https://registry.npmjs.org/nuclide-commons/-/nuclide-commons-0.7.1.tgz",
      "integrity": "sha1-shxt2Ygj9sUDOrLedRMxnGyoFEM=",
      "requires": {
        "async-to-generator": "1.1.0",
        "domexception": "1.0.1",
        "event-kit": "2.2.0",
        "event-target-shim": "3.0.1",
        "fs-plus": "2.9.3",
        "glob": "7.1.1",
        "idx": "1.2.0",
        "log4js": "1.1.1",
        "lru-cache": "4.0.2",
        "mime-types": "2.1.16",
        "mkdirp": "0.5.1",
        "mv": "2.1.1",
        "nullthrows": "1.0.0",
        "rimraf": "2.6.2",
        "rxjs": "5.5.5",
        "shell-quote": "1.6.1",
        "temp": "0.8.3",
        "uuid": "3.0.1",
        "vscode-jsonrpc": "3.3.0",
        "vscode-uri": "1.0.1"
      },
      "dependencies": {
        "vscode-jsonrpc": {
          "version": "3.3.0",
          "resolved": "https://registry.npmjs.org/vscode-jsonrpc/-/vscode-jsonrpc-3.3.0.tgz",
          "integrity": "sha512-a4dTM+nU6C9fNVfcZuJODpSiVsFNx/u5dwkEBbbPtftUhnnwlO9tacnudhKoY9+FVpSlgQ3QTR9rltRm0U8nhg=="
        }
      }
    },
    "nuclide-commons-atom": {
      "version": "0.7.1",
      "resolved": "https://registry.npmjs.org/nuclide-commons-atom/-/nuclide-commons-atom-0.7.1.tgz",
      "integrity": "sha1-jFfn9n0Vt/aX3lPD5mofDJu1LE0=",
      "requires": {
        "async-to-generator": "1.1.0",
        "escape-string-regexp": "1.0.5",
        "idx": "1.2.0",
        "log4js": "1.1.1",
        "nuclide-commons": "0.7.1",
        "nullthrows": "1.0.0",
        "redux-logger": "3.0.6",
        "rxjs": "5.5.5",
        "semver": "5.3.0",
        "shallowequal": "0.2.2"
      }
    },
    "nuclide-commons-ui": {
      "version": "0.7.1",
      "resolved": "https://registry.npmjs.org/nuclide-commons-ui/-/nuclide-commons-ui-0.7.1.tgz",
      "integrity": "sha1-mRuRg/c+XXECm4I4yFwRze9DprM=",
      "requires": {
        "anser": "1.4.6",
        "async-to-generator": "1.1.0",
        "classnames": "2.2.5",
        "dedent": "0.6.0",
        "escape-carriage": "1.2.0",
        "escape-html": "1.0.3",
        "escape-string-regexp": "1.0.5",
        "idx": "1.2.0",
        "invariant": "2.2.2",
        "lodash": "4.17.4",
        "nuclide-commons": "0.7.1",
        "nuclide-commons-atom": "0.7.1",
        "nullthrows": "1.0.0",
        "react": "16.2.0",
        "react-dom": "16.2.0",
        "rxjs": "5.5.5",
        "semver": "5.3.0",
        "shallowequal": "0.2.2",
        "tabbable": "1.1.0"
      }
    },
    "nuclide-debugger-common": {
      "version": "0.7.1",
      "resolved": "https://registry.npmjs.org/nuclide-debugger-common/-/nuclide-debugger-common-0.7.1.tgz",
      "integrity": "sha1-OszFh7NbUEJW41dCWg1pH5vLRO0=",
      "requires": {
        "async-to-generator": "1.1.0",
        "idx": "1.2.0",
        "invariant": "2.2.2",
        "nuclide-commons": "0.7.1",
        "nuclide-commons-atom": "0.7.1",
        "nuclide-commons-ui": "0.7.1",
        "nullthrows": "1.0.0",
        "react": "16.2.0",
        "rxjs": "5.5.5",
        "vscode-debugprotocol": "1.24.0"
      }
    },
    "nuclide-prebuilt-libs": {
      "version": "0.4.0",
      "resolved": "https://registry.npmjs.org/nuclide-prebuilt-libs/-/nuclide-prebuilt-libs-0.4.0.tgz",
      "integrity": "sha1-2h7ove13n8OdIurkijxp3sCVjgs="
    },
    "nullthrows": {
      "version": "1.0.0",
      "resolved": "https://registry.npmjs.org/nullthrows/-/nullthrows-1.0.0.tgz",
      "integrity": "sha1-NHFeU7nevgdQp3Iz/UlKWDWi2Zk="
    },
    "object-assign": {
      "version": "4.1.1",
      "resolved": "https://registry.npmjs.org/object-assign/-/object-assign-4.1.1.tgz",
      "integrity": "sha1-IQmtx5ZYh8/AXLvUQsrIv7s2CGM="
    },
    "once": {
      "version": "1.4.0",
      "resolved": "https://registry.npmjs.org/once/-/once-1.4.0.tgz",
      "integrity": "sha1-WDsap3WWHUsROsF9nFC6753Xa9E=",
      "requires": {
        "wrappy": "1.0.2"
      }
    },
    "os-tmpdir": {
      "version": "1.0.2",
      "resolved": "https://registry.npmjs.org/os-tmpdir/-/os-tmpdir-1.0.2.tgz",
      "integrity": "sha1-u+Z0BseaqFxc/sdm/lc0VV36EnQ="
    },
    "path-is-absolute": {
      "version": "1.0.1",
      "resolved": "https://registry.npmjs.org/path-is-absolute/-/path-is-absolute-1.0.1.tgz",
      "integrity": "sha1-F0uSaHNVNP+8es5r9TpanhtcX18="
    },
    "promise": {
      "version": "7.3.1",
      "resolved": "https://registry.npmjs.org/promise/-/promise-7.3.1.tgz",
      "integrity": "sha512-nolQXZ/4L+bP/UGlkfaIujX9BKxGwmQ9OT4mOt5yvy8iK1h3wqTEJCijzGANTCCl9nWjY41juyAn2K3Q1hLLTg==",
      "requires": {
        "asap": "2.0.6"
      }
    },
    "prop-types": {
      "version": "15.6.1",
      "resolved": "https://registry.npmjs.org/prop-types/-/prop-types-15.6.1.tgz",
      "integrity": "sha512-4ec7bY1Y66LymSUOH/zARVYObB23AT2h8cf6e/O6ZALB/N0sqZFEx7rq6EYPX2MkOdKORuooI/H5k9TlR4q7kQ==",
      "requires": {
        "fbjs": "0.8.16",
        "loose-envify": "1.3.1",
        "object-assign": "4.1.1"
      }
    },
    "pseudomap": {
      "version": "1.0.2",
      "resolved": "https://registry.npmjs.org/pseudomap/-/pseudomap-1.0.2.tgz",
      "integrity": "sha1-8FKijacOYYkX7wqKw0wa5aaChrM="
    },
    "react": {
      "version": "16.2.0",
      "resolved": "https://registry.npmjs.org/react/-/react-16.2.0.tgz",
      "integrity": "sha512-ZmIomM7EE1DvPEnSFAHZn9Vs9zJl5A9H7el0EGTE6ZbW9FKe/14IYAlPbC8iH25YarEQxZL+E8VW7Mi7kfQrDQ==",
      "requires": {
        "fbjs": "0.8.16",
        "loose-envify": "1.3.1",
        "object-assign": "4.1.1",
        "prop-types": "15.6.1"
      }
    },
    "react-dom": {
      "version": "16.2.0",
      "resolved": "https://registry.npmjs.org/react-dom/-/react-dom-16.2.0.tgz",
      "integrity": "sha512-zpGAdwHVn9K0091d+hr+R0qrjoJ84cIBFL2uU60KvWBPfZ7LPSrfqviTxGHWN0sjPZb2hxWzMexwrvJdKePvjg==",
      "requires": {
        "fbjs": "0.8.16",
        "loose-envify": "1.3.1",
        "object-assign": "4.1.1",
        "prop-types": "15.6.1"
      }
    },
    "react-virtualized": {
      "version": "9.13.0",
      "resolved": "https://registry.npmjs.org/react-virtualized/-/react-virtualized-9.13.0.tgz",
      "integrity": "sha512-S30oqIXEjF0MnuKElkwCfjSJVnmqbnOCybnEuqhB1g66t1XdIxustgxnDnHXK5AcPkHkkoYgapAAz0eaih8nyA==",
      "requires": {
        "babel-runtime": "6.26.0",
        "classnames": "2.2.5",
        "dom-helpers": "3.3.1",
        "loose-envify": "1.3.1",
        "prop-types": "15.6.1"
      }
    },
    "readable-stream": {
      "version": "1.1.14",
      "resolved": "https://registry.npmjs.org/readable-stream/-/readable-stream-1.1.14.tgz",
      "integrity": "sha1-fPTFTvZI44EwhMY23SB54WbAgdk=",
      "requires": {
        "core-util-is": "1.0.2",
        "inherits": "2.0.3",
        "isarray": "0.0.1",
        "string_decoder": "0.10.31"
      }
    },
    "redux": {
      "version": "3.6.0",
      "resolved": "https://registry.npmjs.org/redux/-/redux-3.6.0.tgz",
      "integrity": "sha1-iHwrPQub2G7KK+cFccJ2VMGeGI0=",
      "requires": {
        "lodash": "4.17.4",
        "lodash-es": "4.17.10",
        "loose-envify": "1.3.1",
        "symbol-observable": "1.2.0"
      },
      "dependencies": {
        "symbol-observable": {
          "version": "1.2.0",
          "resolved": "https://registry.npmjs.org/symbol-observable/-/symbol-observable-1.2.0.tgz",
          "integrity": "sha512-e900nM8RRtGhlV36KGEU9k65K3mPb1WV70OdjfxlG2EAuM1noi/E/BaW/uMhL7bPEssK8QV57vN3esixjUvcXQ=="
        }
      }
    },
    "redux-logger": {
      "version": "3.0.6",
      "resolved": "https://registry.npmjs.org/redux-logger/-/redux-logger-3.0.6.tgz",
      "integrity": "sha1-91VZZvMJjzyIYExEnPC69XeCdL8=",
      "requires": {
        "deep-diff": "0.3.8"
      }
    },
    "regenerator-runtime": {
      "version": "0.11.1",
      "resolved": "https://registry.npmjs.org/regenerator-runtime/-/regenerator-runtime-0.11.1.tgz",
      "integrity": "sha512-MguG95oij0fC3QV3URf4V2SDYGJhJnJGqvIIgdECeODCT98wSWDAJ94SSuVpYQUoTcGUIL6L4yNB7j1DFFHSBg=="
    },
    "reselect": {
      "version": "3.0.1",
      "resolved": "https://registry.npmjs.org/reselect/-/reselect-3.0.1.tgz",
      "integrity": "sha1-79qpjqdFEyTQkrKyFjpqHXqaIUc="
    },
    "rimraf": {
      "version": "2.6.2",
      "resolved": "https://registry.npmjs.org/rimraf/-/rimraf-2.6.2.tgz",
      "integrity": "sha512-lreewLK/BlghmxtfH36YYVg1i8IAce4TI7oao75I1g245+6BctqTVQiBP3YUJ9C6DQOXJmkYR9X9fCLtCOJc5w==",
      "requires": {
        "glob": "7.1.1"
      }
    },
    "rxjs": {
      "version": "5.5.5",
      "resolved": "https://registry.npmjs.org/rxjs/-/rxjs-5.5.5.tgz",
      "integrity": "sha512-D/MfQnPMBk8P8gfwGxvCkuaWBcG58W7dUMT//URPoYzIbDEKT0GezdirkK5whMgKFBATfCoTpxO8bJQGJ04W5A==",
      "requires": {
        "symbol-observable": "1.0.1"
      }
    },
    "safer-buffer": {
      "version": "2.1.2",
      "resolved": "https://registry.npmjs.org/safer-buffer/-/safer-buffer-2.1.2.tgz",
      "integrity": "sha512-YZo3K82SD7Riyi0E1EQPojLz7kpepnSQI9IyPbHHg1XXXevb5dJI7tpyN2ADxGcQbHG7vcyRHk0cbwqcQriUtg=="
    },
    "semver": {
      "version": "5.3.0",
      "resolved": "https://registry.npmjs.org/semver/-/semver-5.3.0.tgz",
      "integrity": "sha1-myzl094C0XxgEq0yaqa00M9U+U8="
    },
    "setimmediate": {
      "version": "1.0.5",
      "resolved": "https://registry.npmjs.org/setimmediate/-/setimmediate-1.0.5.tgz",
      "integrity": "sha1-KQy7Iy4waULX1+qbg3Mqt4VvgoU="
    },
    "shallowequal": {
      "version": "0.2.2",
      "resolved": "https://registry.npmjs.org/shallowequal/-/shallowequal-0.2.2.tgz",
      "integrity": "sha1-HjL9W8q2rWiKSBLLDMBO/HXHAU4=",
      "requires": {
        "lodash.keys": "3.1.2"
      }
    },
    "shell-quote": {
      "version": "1.6.1",
      "resolved": "https://registry.npmjs.org/shell-quote/-/shell-quote-1.6.1.tgz",
      "integrity": "sha1-9HgZSczkAmlxJ0MOo7PFR29IF2c=",
      "requires": {
        "array-filter": "0.0.1",
        "array-map": "0.0.0",
        "array-reduce": "0.0.0",
        "jsonify": "0.0.0"
      }
    },
    "streamroller": {
      "version": "0.4.1",
      "resolved": "https://registry.npmjs.org/streamroller/-/streamroller-0.4.1.tgz",
      "integrity": "sha1-1DW9WXQ3Or2b2QaDWVEwhRBswF8=",
      "requires": {
        "date-format": "0.0.0",
        "debug": "0.7.4",
        "mkdirp": "0.5.1",
        "readable-stream": "1.1.14"
      },
      "dependencies": {
        "debug": {
          "version": "0.7.4",
          "resolved": "https://registry.npmjs.org/debug/-/debug-0.7.4.tgz",
          "integrity": "sha1-BuHqgILCyxTjmAbiLi9vdX+Srzk="
        }
      }
    },
    "string_decoder": {
      "version": "0.10.31",
      "resolved": "https://registry.npmjs.org/string_decoder/-/string_decoder-0.10.31.tgz",
      "integrity": "sha1-YuIDvEF2bGwoyfyEMB2rHFMQ+pQ="
    },
    "strip-ansi": {
      "version": "3.0.1",
      "resolved": "https://registry.npmjs.org/strip-ansi/-/strip-ansi-3.0.1.tgz",
      "integrity": "sha1-ajhfuIU9lS1f8F0Oiq+UJ43GPc8=",
      "requires": {
        "ansi-regex": "2.1.1"
      }
    },
    "symbol-observable": {
      "version": "1.0.1",
      "resolved": "https://registry.npmjs.org/symbol-observable/-/symbol-observable-1.0.1.tgz",
      "integrity": "sha1-g0D8RwLDEi310iKI+IKD9RPT/dQ="
    },
    "tabbable": {
      "version": "1.1.0",
      "resolved": "https://registry.npmjs.org/tabbable/-/tabbable-1.1.0.tgz",
      "integrity": "sha512-35UF7YrX08Wj5+CFFwO5akQYE4UFICvOY/xQ7Dgduhxb5QW7IS/d0DeLO9DnRzwVyfyiz6vRPj3MYhPt/Zopiw=="
    },
    "temp": {
      "version": "0.8.3",
      "resolved": "https://registry.npmjs.org/temp/-/temp-0.8.3.tgz",
      "integrity": "sha1-4Ma8TSa5AxJEEOT+2BEDAU38H1k=",
      "requires": {
        "os-tmpdir": "1.0.2",
        "rimraf": "2.2.8"
      },
      "dependencies": {
        "rimraf": {
          "version": "2.2.8",
          "resolved": "https://registry.npmjs.org/rimraf/-/rimraf-2.2.8.tgz",
          "integrity": "sha1-5Dm+Kq7jJzIZUnMPmaiSnk/FBYI="
        }
      }
    },
    "ua-parser-js": {
      "version": "0.7.18",
      "resolved": "https://registry.npmjs.org/ua-parser-js/-/ua-parser-js-0.7.18.tgz",
      "integrity": "sha512-LtzwHlVHwFGTptfNSgezHp7WUlwiqb0gA9AALRbKaERfxwJoiX0A73QbTToxteIAuIaFshhgIZfqK8s7clqgnA=="
    },
    "underscore": {
      "version": "1.6.0",
      "resolved": "https://registry.npmjs.org/underscore/-/underscore-1.6.0.tgz",
      "integrity": "sha1-izixDKze9jM3uLJOT/htRa6lKag="
    },
    "underscore-plus": {
      "version": "1.6.6",
      "resolved": "https://registry.npmjs.org/underscore-plus/-/underscore-plus-1.6.6.tgz",
      "integrity": "sha1-ZezeG9xEGjXYnmUP1w3PE65Dmn0=",
      "requires": {
        "underscore": "1.6.0"
      }
    },
    "uuid": {
      "version": "3.0.1",
      "resolved": "https://registry.npmjs.org/uuid/-/uuid-3.0.1.tgz",
      "integrity": "sha1-ZUS7ot/ajBzxfmKaOjBeK7H+5sE="
    },
    "vscode-debugprotocol": {
      "version": "1.24.0",
      "resolved": "https://registry.npmjs.org/vscode-debugprotocol/-/vscode-debugprotocol-1.24.0.tgz",
      "integrity": "sha1-28EOjX2VsQJyehmvPw/O9+JSsI4="
    },
    "vscode-jsonrpc": {
      "version": "3.6.2",
      "resolved": "https://registry.npmjs.org/vscode-jsonrpc/-/vscode-jsonrpc-3.6.2.tgz",
      "integrity": "sha512-T24Jb5V48e4VgYliUXMnZ379ItbrXgOimweKaJshD84z+8q7ZOZjJan0MeDe+Ugb+uqERDVV8SBmemaGMSMugA=="
    },
    "vscode-languageserver-protocol": {
      "version": "3.6.0-next.5",
      "resolved": "https://registry.npmjs.org/vscode-languageserver-protocol/-/vscode-languageserver-protocol-3.6.0-next.5.tgz",
      "integrity": "sha512-pfu6A4VHDnLn+/UryZc0TKRUl63FdIFMTng27kOER1xk2yXDlqVenQX//8s1Veb0xVGATKITiFKIvUIl037mtg==",
      "requires": {
        "vscode-jsonrpc": "3.6.2",
        "vscode-languageserver-types": "3.8.1"
      }
    },
    "vscode-languageserver-types": {
      "version": "3.8.1",
      "resolved": "https://registry.npmjs.org/vscode-languageserver-types/-/vscode-languageserver-types-3.8.1.tgz",
      "integrity": "sha512-O8IBrxSBp2AJALIZBwT2Gd6gX67MMtwCwnfzT9T3QynE+dqikoj7x3kOb3fdIjd9hIoAB2yc38XcJJDw8H1cpw=="
    },
    "vscode-uri": {
      "version": "1.0.1",
      "resolved": "https://registry.npmjs.org/vscode-uri/-/vscode-uri-1.0.1.tgz",
      "integrity": "sha1-Eahr7+rDxKo+wIYjZRo8gabQu8g="
    },
    "webidl-conversions": {
      "version": "4.0.2",
      "resolved": "https://registry.npmjs.org/webidl-conversions/-/webidl-conversions-4.0.2.tgz",
      "integrity": "sha512-YQ+BmxuTgd6UXZW3+ICGfyqRyHXVlD5GtQr5+qjiNW7bF0cqrzX500HVXPBOvgXb5YnzDd+h0zqyv61KUD7+Sg=="
    },
    "whatwg-fetch": {
      "version": "2.0.4",
      "resolved": "https://registry.npmjs.org/whatwg-fetch/-/whatwg-fetch-2.0.4.tgz",
      "integrity": "sha512-dcQ1GWpOD/eEQ97k66aiEVpNnapVj90/+R+SXTPYGHpYBBypfKJEQjLrvMZ7YXbKm21gXd4NcuxUTjiv1YtLng=="
    },
    "wrappy": {
      "version": "1.0.2",
      "resolved": "https://registry.npmjs.org/wrappy/-/wrappy-1.0.2.tgz",
      "integrity": "sha1-tSQ9jz7BqjXxNkYFvA0QNuMKtp8="
    },
    "xterm": {
      "version": "3.1.0",
      "resolved": "https://registry.npmjs.org/xterm/-/xterm-3.1.0.tgz",
      "integrity": "sha512-xv4QQQAu8PjAPZE7m0h+i9X9z3vR82wPe0H3g4D9CbyDuQDNt1e+lxeTrkLwuMH3jcxqfHayu3Mu+iyQh62ECg=="
    },
    "yallist": {
      "version": "2.1.2",
      "resolved": "https://registry.npmjs.org/yallist/-/yallist-2.1.2.tgz",
      "integrity": "sha1-HBH5IY8HYImkfdUS+TxmmaaoHVI="
    }
  }
}
